// !$*UTF8*$!
{
	archiveVersion = 1;
	classes = {
	};
	objectVersion = 46;
	objects = {

/* Begin PBXBuildFile section */
		030CCB8C14A05E990062DD9D /* libffi.dylib in Frameworks */ = {isa = PBXBuildFile; fileRef = 030CCB8B14A05E990062DD9D /* libffi.dylib */; };
		0312CE48148EDF7D0010CCC9 /* Foundation.framework in Frameworks */ = {isa = PBXBuildFile; fileRef = 0312CE47148EDF7D0010CCC9 /* Foundation.framework */; };
		0312CE4B148EDF7D0010CCC9 /* main.m in Sources */ = {isa = PBXBuildFile; fileRef = 0312CE4A148EDF7D0010CCC9 /* main.m */; };
		0312CE4F148EDF7D0010CCC9 /* WoolDelegate.1 in CopyFiles */ = {isa = PBXBuildFile; fileRef = 0312CE4E148EDF7D0010CCC9 /* WoolDelegate.1 */; };
		0312CE57148EDF8D0010CCC9 /* WoolDelegate.m in Sources */ = {isa = PBXBuildFile; fileRef = 0312CE56148EDF8D0010CCC9 /* WoolDelegate.m */; settings = {COMPILER_FLAGS = "-fno-objc-arc"; }; };
		038D655A16B7AFD9007C5F9A /* WoolObjCEncodingInsertSEL.m in Sources */ = {isa = PBXBuildFile; fileRef = 038D655916B7AFD9007C5F9A /* WoolObjCEncodingInsertSEL.m */; };
		0398BF1E158EF8400092E420 /* WoolObjCEncoding.m in Sources */ = {isa = PBXBuildFile; fileRef = 0398BF1C158EF7550092E420 /* WoolObjCEncoding.m */; };
		03EC425A14A59DDB00BDF317 /* NSInvocation+FFITranslation.m in Sources */ = {isa = PBXBuildFile; fileRef = 03EC425914A59DDB00BDF317 /* NSInvocation+FFITranslation.m */; };
/* End PBXBuildFile section */

/* Begin PBXCopyFilesBuildPhase section */
		0312CE41148EDF7D0010CCC9 /* CopyFiles */ = {
			isa = PBXCopyFilesBuildPhase;
			buildActionMask = 2147483647;
			dstPath = /usr/share/man/man1/;
			dstSubfolderSpec = 0;
			files = (
				0312CE4F148EDF7D0010CCC9 /* WoolDelegate.1 in CopyFiles */,
			);
			runOnlyForDeploymentPostprocessing = 1;
		};
/* End PBXCopyFilesBuildPhase section */

/* Begin PBXFileReference section */
		030CCA5F1496B7A50062DD9D /* WoolBlockHelper.h */ = {isa = PBXFileReference; fileEncoding = 4; lastKnownFileType = sourcecode.c.h; path = WoolBlockHelper.h; sourceTree = "<group>"; };
		030CCB8B14A05E990062DD9D /* libffi.dylib */ = {isa = PBXFileReference; lastKnownFileType = "compiled.mach-o.dylib"; name = libffi.dylib; path = usr/lib/libffi.dylib; sourceTree = SDKROOT; };
		0312CE43148EDF7D0010CCC9 /* WoolDelegate */ = {isa = PBXFileReference; explicitFileType = "compiled.mach-o.executable"; includeInIndex = 0; path = WoolDelegate; sourceTree = BUILT_PRODUCTS_DIR; };
		0312CE47148EDF7D0010CCC9 /* Foundation.framework */ = {isa = PBXFileReference; lastKnownFileType = wrapper.framework; name = Foundation.framework; path = System/Library/Frameworks/Foundation.framework; sourceTree = SDKROOT; };
		0312CE4A148EDF7D0010CCC9 /* main.m */ = {isa = PBXFileReference; lastKnownFileType = sourcecode.c.objc; path = main.m; sourceTree = "<group>"; };
		0312CE4D148EDF7D0010CCC9 /* WoolDelegate-Prefix.pch */ = {isa = PBXFileReference; lastKnownFileType = sourcecode.c.h; path = "WoolDelegate-Prefix.pch"; sourceTree = "<group>"; };
		0312CE4E148EDF7D0010CCC9 /* WoolDelegate.1 */ = {isa = PBXFileReference; lastKnownFileType = text.man; path = WoolDelegate.1; sourceTree = "<group>"; };
		0312CE55148EDF8D0010CCC9 /* WoolDelegate.h */ = {isa = PBXFileReference; fileEncoding = 4; lastKnownFileType = sourcecode.c.h; path = WoolDelegate.h; sourceTree = "<group>"; };
		0312CE56148EDF8D0010CCC9 /* WoolDelegate.m */ = {isa = PBXFileReference; fileEncoding = 4; lastKnownFileType = sourcecode.c.objc; path = WoolDelegate.m; sourceTree = "<group>"; };
		033B29B0170E0CF0005A0FF5 /* MA_LICENSE.txt */ = {isa = PBXFileReference; fileEncoding = 4; lastKnownFileType = text; path = MA_LICENSE.txt; sourceTree = "<group>"; };
		033B29B1170E19BE005A0FF5 /* LICENSE.txt */ = {isa = PBXFileReference; fileEncoding = 4; lastKnownFileType = text; path = LICENSE.txt; sourceTree = "<group>"; };
		038D655916B7AFD9007C5F9A /* WoolObjCEncodingInsertSEL.m */ = {isa = PBXFileReference; fileEncoding = 4; lastKnownFileType = sourcecode.c.objc; path = WoolObjCEncodingInsertSEL.m; sourceTree = "<group>"; };
		0398BF1B158EF7550092E420 /* WoolObjCEncoding.h */ = {isa = PBXFileReference; lastKnownFileType = sourcecode.c.h; path = WoolObjCEncoding.h; sourceTree = "<group>"; };
		0398BF1C158EF7550092E420 /* WoolObjCEncoding.m */ = {isa = PBXFileReference; lastKnownFileType = sourcecode.c.objc; path = WoolObjCEncoding.m; sourceTree = "<group>"; };
		0398BF5C159A6AB80092E420 /* Notes and problems */ = {isa = PBXFileReference; fileEncoding = 4; lastKnownFileType = text; path = "Notes and problems"; sourceTree = "<group>"; };
		03EC425814A59DDB00BDF317 /* NSInvocation+FFITranslation.h */ = {isa = PBXFileReference; fileEncoding = 4; lastKnownFileType = sourcecode.c.h; path = "NSInvocation+FFITranslation.h"; sourceTree = "<group>"; };
		03EC425914A59DDB00BDF317 /* NSInvocation+FFITranslation.m */ = {isa = PBXFileReference; fileEncoding = 4; lastKnownFileType = sourcecode.c.objc; path = "NSInvocation+FFITranslation.m"; sourceTree = "<group>"; };
/* End PBXFileReference section */

/* Begin PBXFrameworksBuildPhase section */
		0312CE40148EDF7D0010CCC9 /* Frameworks */ = {
			isa = PBXFrameworksBuildPhase;
			buildActionMask = 2147483647;
			files = (
				030CCB8C14A05E990062DD9D /* libffi.dylib in Frameworks */,
				0312CE48148EDF7D0010CCC9 /* Foundation.framework in Frameworks */,
			);
			runOnlyForDeploymentPostprocessing = 0;
		};
/* End PBXFrameworksBuildPhase section */

/* Begin PBXGroup section */
		0312CE38148EDF7D0010CCC9 = {
			isa = PBXGroup;
			children = (
				0312CE49148EDF7D0010CCC9 /* WoolDelegate */,
				0312CE44148EDF7D0010CCC9 /* Products */,
			);
			sourceTree = "<group>";
		};
		0312CE44148EDF7D0010CCC9 /* Products */ = {
			isa = PBXGroup;
			children = (
				0312CE43148EDF7D0010CCC9 /* WoolDelegate */,
			);
			name = Products;
			sourceTree = "<group>";
		};
		0312CE46148EDF7D0010CCC9 /* Frameworks */ = {
			isa = PBXGroup;
			children = (
				030CCB8B14A05E990062DD9D /* libffi.dylib */,
				0312CE47148EDF7D0010CCC9 /* Foundation.framework */,
			);
			name = Frameworks;
			path = ..;
			sourceTree = "<group>";
		};
		0312CE49148EDF7D0010CCC9 /* WoolDelegate */ = {
			isa = PBXGroup;
			children = (
				0312CE4A148EDF7D0010CCC9 /* main.m */,
				0312CE4E148EDF7D0010CCC9 /* WoolDelegate.1 */,
				0312CE4C148EDF7D0010CCC9 /* Supporting Files */,
				030CCA5F1496B7A50062DD9D /* WoolBlockHelper.h */,
				03EC425814A59DDB00BDF317 /* NSInvocation+FFITranslation.h */,
				03EC425914A59DDB00BDF317 /* NSInvocation+FFITranslation.m */,
				0312CE55148EDF8D0010CCC9 /* WoolDelegate.h */,
				0312CE56148EDF8D0010CCC9 /* WoolDelegate.m */,
				0398BF1B158EF7550092E420 /* WoolObjCEncoding.h */,
				0398BF1C158EF7550092E420 /* WoolObjCEncoding.m */,
				038D655916B7AFD9007C5F9A /* WoolObjCEncodingInsertSEL.m */,
				0312CE46148EDF7D0010CCC9 /* Frameworks */,
				0398BF5C159A6AB80092E420 /* Notes and problems */,
				033B29B0170E0CF0005A0FF5 /* MA_LICENSE.txt */,
				033B29B1170E19BE005A0FF5 /* LICENSE.txt */,
			);
			path = WoolDelegate;
			sourceTree = "<group>";
		};
		0312CE4C148EDF7D0010CCC9 /* Supporting Files */ = {
			isa = PBXGroup;
			children = (
				0312CE4D148EDF7D0010CCC9 /* WoolDelegate-Prefix.pch */,
			);
			name = "Supporting Files";
			sourceTree = "<group>";
		};
/* End PBXGroup section */

/* Begin PBXNativeTarget section */
		0312CE42148EDF7D0010CCC9 /* WoolDelegate */ = {
			isa = PBXNativeTarget;
			buildConfigurationList = 0312CE52148EDF7D0010CCC9 /* Build configuration list for PBXNativeTarget "WoolDelegate" */;
			buildPhases = (
				0312CE3F148EDF7D0010CCC9 /* Sources */,
				0312CE40148EDF7D0010CCC9 /* Frameworks */,
				0312CE41148EDF7D0010CCC9 /* CopyFiles */,
			);
			buildRules = (
			);
			dependencies = (
			);
			name = WoolDelegate;
			productName = WoolDelegate;
			productReference = 0312CE43148EDF7D0010CCC9 /* WoolDelegate */;
			productType = "com.apple.product-type.tool";
		};
/* End PBXNativeTarget section */

/* Begin PBXProject section */
		0312CE3A148EDF7D0010CCC9 /* Project object */ = {
			isa = PBXProject;
			attributes = {
				ORGANIZATIONNAME = "Wool Sweater Soft";
			};
			buildConfigurationList = 0312CE3D148EDF7D0010CCC9 /* Build configuration list for PBXProject "WoolDelegate" */;
			compatibilityVersion = "Xcode 3.2";
			developmentRegion = English;
			hasScannedForEncodings = 0;
			knownRegions = (
				en,
			);
			mainGroup = 0312CE38148EDF7D0010CCC9;
			productRefGroup = 0312CE44148EDF7D0010CCC9 /* Products */;
			projectDirPath = "";
			projectRoot = "";
			targets = (
				0312CE42148EDF7D0010CCC9 /* WoolDelegate */,
			);
		};
/* End PBXProject section */

/* Begin PBXSourcesBuildPhase section */
		0312CE3F148EDF7D0010CCC9 /* Sources */ = {
			isa = PBXSourcesBuildPhase;
			buildActionMask = 2147483647;
			files = (
				0312CE4B148EDF7D0010CCC9 /* main.m in Sources */,
				0312CE57148EDF8D0010CCC9 /* WoolDelegate.m in Sources */,
				03EC425A14A59DDB00BDF317 /* NSInvocation+FFITranslation.m in Sources */,
				0398BF1E158EF8400092E420 /* WoolObjCEncoding.m in Sources */,
				038D655A16B7AFD9007C5F9A /* WoolObjCEncodingInsertSEL.m in Sources */,
			);
			runOnlyForDeploymentPostprocessing = 0;
		};
/* End PBXSourcesBuildPhase section */

/* Begin XCBuildConfiguration section */
		0312CE50148EDF7D0010CCC9 /* Debug */ = {
			isa = XCBuildConfiguration;
			buildSettings = {
				ALWAYS_SEARCH_USER_PATHS = NO;
				ARCHS = "$(ARCHS_STANDARD_64_BIT)";
				COPY_PHASE_STRIP = NO;
				GCC_C_LANGUAGE_STANDARD = gnu99;
				GCC_DYNAMIC_NO_PIC = NO;
				GCC_ENABLE_OBJC_EXCEPTIONS = YES;
				GCC_OPTIMIZATION_LEVEL = 0;
				GCC_PREPROCESSOR_DEFINITIONS = (
					"DEBUG=1",
					"$(inherited)",
				);
				GCC_SYMBOLS_PRIVATE_EXTERN = NO;
				GCC_VERSION = com.apple.compilers.llvm.clang.1_0;
				GCC_WARN_64_TO_32_BIT_CONVERSION = YES;
				GCC_WARN_ABOUT_MISSING_PROTOTYPES = YES;
				GCC_WARN_ABOUT_RETURN_TYPE = YES;
				GCC_WARN_UNUSED_VARIABLE = YES;
				MACOSX_DEPLOYMENT_TARGET = 10.6;
				ONLY_ACTIVE_ARCH = YES;
				SDKROOT = macosx;
			};
			name = Debug;
		};
		0312CE51148EDF7D0010CCC9 /* Release */ = {
			isa = XCBuildConfiguration;
			buildSettings = {
				ALWAYS_SEARCH_USER_PATHS = NO;
				ARCHS = "$(ARCHS_STANDARD_64_BIT)";
				COPY_PHASE_STRIP = YES;
				DEBUG_INFORMATION_FORMAT = "dwarf-with-dsym";
				GCC_C_LANGUAGE_STANDARD = gnu99;
				GCC_ENABLE_OBJC_EXCEPTIONS = YES;
				GCC_VERSION = com.apple.compilers.llvm.clang.1_0;
				GCC_WARN_64_TO_32_BIT_CONVERSION = YES;
				GCC_WARN_ABOUT_MISSING_PROTOTYPES = YES;
				GCC_WARN_ABOUT_RETURN_TYPE = YES;
				GCC_WARN_UNUSED_VARIABLE = YES;
				MACOSX_DEPLOYMENT_TARGET = 10.6;
				SDKROOT = macosx;
			};
			name = Release;
		};
		0312CE53148EDF7D0010CCC9 /* Debug */ = {
			isa = XCBuildConfiguration;
			buildSettings = {
				CLANG_ENABLE_OBJC_ARC = YES;
				GCC_PRECOMPILE_PREFIX_HEADER = YES;
				GCC_PREFIX_HEADER = "WoolDelegate/WoolDelegate-Prefix.pch";
				PRODUCT_NAME = "$(TARGET_NAME)";
			};
			name = Debug;
		};
		0312CE54148EDF7D0010CCC9 /* Release */ = {
			isa = XCBuildConfiguration;
			buildSettings = {
				CLANG_ENABLE_OBJC_ARC = YES;
				GCC_PRECOMPILE_PREFIX_HEADER = YES;
				GCC_PREFIX_HEADER = "WoolDelegate/WoolDelegate-Prefix.pch";
				PRODUCT_NAME = "$(TARGET_NAME)";
			};
			name = Release;
		};
/* End XCBuildConfiguration section */

/* Begin XCConfigurationList section */
		0312CE3D148EDF7D0010CCC9 /* Build configuration list for PBXProject "WoolDelegate" */ = {
			isa = XCConfigurationList;
			buildConfigurations = (
				0312CE50148EDF7D0010CCC9 /* Debug */,
				0312CE51148EDF7D0010CCC9 /* Release */,
			);
			defaultConfigurationIsVisible = 0;
			defaultConfigurationName = Release;
		};
		0312CE52148EDF7D0010CCC9 /* Build configuration list for PBXNativeTarget "WoolDelegate" */ = {
			isa = XCConfigurationList;
			buildConfigurations = (
				0312CE53148EDF7D0010CCC9 /* Debug */,
				0312CE54148EDF7D0010CCC9 /* Release */,
			);
			defaultConfigurationIsVisible = 0;
			defaultConfigurationName = Release;
		};
/* End XCConfigurationList section */
	};
	rootObject = 0312CE3A148EDF7D0010CCC9 /* Project object */;
}
